schema: '2.0'
stages:
  clean:
    cmd: python -m mlops_crew.data.clean
    deps:
    - path: configs/config.yaml
      hash: md5
      md5: 1b7f8afe6d6d2f918542578176ca8023
      size: 2594
    - path: data/interim/phishing_email_phase2_sample.csv
      hash: md5
      md5: a545e8aa44046aeb6522647a49ec7dc9
      size: 86524796
    - path: src/mlops_crew/config.py
      hash: md5
      md5: a93fdd7f4f76e2d627bfa5587e8e4515
      size: 1087
    - path: src/mlops_crew/data/__init__.py
      hash: md5
      md5: fdd5285cf95db6c5b6499d4d07b8394d
      size: 215
    - path: src/mlops_crew/data/clean.py
      hash: md5
      md5: 3dedccc06acb23e0df226bd40535248e
      size: 4824
    - path: src/mlops_crew/utils/io.py
      hash: md5
      md5: 169b9ef6d64fafe09caf107a0ba231e9
      size: 492
    outs:
    - path: data/processed/cleaned.csv
      hash: md5
      md5: 29ece2ea5a66ecebc6f7cacc590336fe
      size: 85907518
    - path: data/processed/cleaning_summary.json
      hash: md5
      md5: ad76046ed3ef45c45bf61e3fa387d6b9
      size: 141
  split:
    cmd: python -m mlops_crew.data.split
    deps:
    - path: configs/config.yaml
      hash: md5
      md5: 1b7f8afe6d6d2f918542578176ca8023
      size: 2594
    - path: data/processed/cleaned.csv
      hash: md5
      md5: 29ece2ea5a66ecebc6f7cacc590336fe
      size: 85907518
    - path: src/mlops_crew/config.py
      hash: md5
      md5: a93fdd7f4f76e2d627bfa5587e8e4515
      size: 1087
    - path: src/mlops_crew/data/__init__.py
      hash: md5
      md5: fdd5285cf95db6c5b6499d4d07b8394d
      size: 215
    - path: src/mlops_crew/data/split.py
      hash: md5
      md5: fdeb7b93edf6ffdcc1f2db9496b91f1a
      size: 3884
    - path: src/mlops_crew/utils/io.py
      hash: md5
      md5: 169b9ef6d64fafe09caf107a0ba231e9
      size: 492
    outs:
    - path: data/processed/split_summary.json
      hash: md5
      md5: 976a9d0b7ff2c1d16ad48bfadcfbf90b
      size: 333
    - path: data/processed/test.csv
      hash: md5
      md5: 2da32d82043038eec78464a50d33ad9c
      size: 12254844
    - path: data/processed/train.csv
      hash: md5
      md5: 948c37f75b4e74e7970de61fc21df4c3
      size: 61812839
    - path: data/processed/val.csv
      hash: md5
      md5: 4d26ccafbf228100236b0a5ea920255d
      size: 11839877
  train:
    cmd: python -m mlops_crew.train_model
    deps:
    - path: configs/config.yaml
      hash: md5
      md5: 1b7f8afe6d6d2f918542578176ca8023
      size: 2594
    - path: data/processed/test.csv
      hash: md5
      md5: 2da32d82043038eec78464a50d33ad9c
      size: 12254844
    - path: data/processed/train.csv
      hash: md5
      md5: 948c37f75b4e74e7970de61fc21df4c3
      size: 61812839
    - path: data/processed/val.csv
      hash: md5
      md5: 4d26ccafbf228100236b0a5ea920255d
      size: 11839877
    - path: src/mlops_crew/config.py
      hash: md5
      md5: a93fdd7f4f76e2d627bfa5587e8e4515
      size: 1087
    - path: src/mlops_crew/data/__init__.py
      hash: md5
      md5: fdd5285cf95db6c5b6499d4d07b8394d
      size: 215
    - path: src/mlops_crew/evaluation/metrics.py
      hash: md5
      md5: 382a298a6d84ad625355dd1c7cee0245
      size: 1925
    - path: src/mlops_crew/models/text_classifiers.py
      hash: md5
      md5: a6f9e1aef1c8014e3a9ac01f13d25447
      size: 2755
    - path: src/mlops_crew/monitoring/resource_monitor.py
      hash: md5
      md5: 5b8a9f94da1868bc4a9b563c54e0b2fc
      size: 2255
    - path: src/mlops_crew/tracking/mlflow_tracking.py
      hash: md5
      md5: a90adc0272023304ce1fcd0745819f90
      size: 4216
    - path: src/mlops_crew/train_model.py
      hash: md5
      md5: abc7956325171e03ae7c435c3c7b0b91
      size: 9158
    - path: src/mlops_crew/utils/io.py
      hash: md5
      md5: 169b9ef6d64fafe09caf107a0ba231e9
      size: 492
    - path: src/mlops_crew/utils/seed.py
      hash: md5
      md5: 4dd0fc7de32f9467806843ab72108a95
      size: 278
    outs:
    - path: models/best_model.joblib
      hash: md5
      md5: 11c5ac020d2beab6fa9340bb701fe68e
      size: 960128
    - path: models/complement_nb.joblib
      hash: md5
      md5: 2489a454efa0b6da64b2909579bb3318
      size: 1600241
    - path: models/dummy.joblib
      hash: md5
      md5: 29d6120cdb0d4ae4951444e096e10d39
      size: 799985
    - path: models/linear_svc.joblib
      hash: md5
      md5: 11c5ac020d2beab6fa9340bb701fe68e
      size: 960128
    - path: models/logistic_regression.joblib
      hash: md5
      md5: b7403a2c5581cd39d9b351be2c1e602d
      size: 960272
    - path: reports/metrics/best_model_metrics.json
      hash: md5
      md5: 50762d4c6ac2366c12f4ba882d0750c4
      size: 1231
    - path: reports/metrics/complement_nb_metrics.json
      hash: md5
      md5: 58f57b3643db8340b463b18f1ea8a302
      size: 1242
    - path: reports/metrics/dummy_metrics.json
      hash: md5
      md5: 601a50ef38cc173687ad8b07bd07d71f
      size: 1077
    - path: reports/metrics/linear_svc_metrics.json
      hash: md5
      md5: 50762d4c6ac2366c12f4ba882d0750c4
      size: 1231
    - path: reports/metrics/logistic_regression_metrics.json
      hash: md5
      md5: 91854eb9638c303ed6b67375ef394317
      size: 1266
    - path: reports/metrics/model_comparison.csv
      hash: md5
      md5: 0fe9a72a82e66fd46050cc6e3d07e6c1
      size: 1948
    - path: reports/metrics/model_comparison.json
      hash: md5
      md5: d3ae61a41311e66a26f3207afcf7fb9f
      size: 5536
    - path: reports/monitoring/training_resource_usage.csv
      hash: md5
      md5: cab5292737ce85d28fc39b6ef2c1dacc
      size: 6966
    - path: reports/predictions
      hash: md5
      md5: 348bd55bb69a922abcb43b4fad9b00e8.dir
      size: 97774009
      nfiles: 8
  sample:
    cmd: python -m mlops_crew.data.sample
    deps:
    - path: configs/config.yaml
      hash: md5
      md5: 1b7f8afe6d6d2f918542578176ca8023
      size: 2594
    - path: data/raw/archive/phishing_email.csv
      hash: md5
      md5: 755efff8c9c0f624a0e8134bd3125775
      size: 106603543
    - path: src/mlops_crew/config.py
      hash: md5
      md5: a93fdd7f4f76e2d627bfa5587e8e4515
      size: 1087
    - path: src/mlops_crew/data/__init__.py
      hash: md5
      md5: fdd5285cf95db6c5b6499d4d07b8394d
      size: 215
    - path: src/mlops_crew/data/sample.py
      hash: md5
      md5: cbe2a571f05a91cb7be89892b9b420c3
      size: 8065
    - path: src/mlops_crew/utils/io.py
      hash: md5
      md5: 169b9ef6d64fafe09caf107a0ba231e9
      size: 492
    outs:
    - path: data/interim/phishing_email_phase1_reference.csv
      hash: md5
      md5: 85205407c071d06289342eaa01d63b86
      size: 65962060
    - path: data/interim/phishing_email_phase2_increment.csv
      hash: md5
      md5: f5459e51d5e966dd6b82b2c6b1155530
      size: 20562767
    - path: data/interim/phishing_email_phase2_sample.csv
      hash: md5
      md5: a545e8aa44046aeb6522647a49ec7dc9
      size: 86524796
    - path: data/interim/phishing_email_phase3_holdout.csv
      hash: md5
      md5: bc61c72d6bee0fe68258e7d3fdd13fc0
      size: 20645081
    - path: data/interim/sample_summary.json
      hash: md5
      md5: b2d948d04dd66effa6f2eb3c72c09a32
      size: 568
  source_manifest:
    cmd: python -m mlops_crew.data.source_manifest
    deps:
    - path: configs/config.yaml
      hash: md5
      md5: 1b7f8afe6d6d2f918542578176ca8023
      size: 2594
    - path: data/raw/archive/CEAS_08.csv
      hash: md5
      md5: 1f0d59191eec892a709995d48cd8decb
      size: 67902056
    - path: data/raw/archive/Enron.csv
      hash: md5
      md5: c1e8730fec1440bb390fa47a1845b932
      size: 45557673
    - path: data/raw/archive/Ling.csv
      hash: md5
      md5: 4748b95ce51a323138fff8e367197cd1
      size: 9342985
    - path: data/raw/archive/Nazario.csv
      hash: md5
      md5: 4022d055bb7cf8602f30f768f652e91e
      size: 7811841
    - path: data/raw/archive/Nigerian_Fraud.csv
      hash: md5
      md5: 65fd47ae7cb4ae762e4be42b11905d63
      size: 9192393
    - path: data/raw/archive/SpamAssasin.csv
      hash: md5
      md5: d921e0b2333bfaa058bd38193e6b3fbd
      size: 14879195
    - path: data/raw/archive/phishing_email.csv
      hash: md5
      md5: 755efff8c9c0f624a0e8134bd3125775
      size: 106603543
    - path: src/mlops_crew/config.py
      hash: md5
      md5: a93fdd7f4f76e2d627bfa5587e8e4515
      size: 1087
    - path: src/mlops_crew/data/__init__.py
      hash: md5
      md5: fdd5285cf95db6c5b6499d4d07b8394d
      size: 215
    - path: src/mlops_crew/data/source_manifest.py
      hash: md5
      md5: 62b1724a0e6380be8984eac212a2bb5b
      size: 5083
    - path: src/mlops_crew/utils/io.py
      hash: md5
      md5: 169b9ef6d64fafe09caf107a0ba231e9
      size: 492
    outs:
    - path: data/interim/source_manifest.csv
      hash: md5
      md5: 7982bbbad80a2b5a1bb8ff05a89e1c79
      size: 1830142
    - path: data/interim/source_manifest_summary.json
      hash: md5
      md5: ad4a7028b32d508a9941968d2e503a21
      size: 564
  inference_latency:
    cmd: python -m mlops_crew.monitoring.inference_latency
    deps:
    - path: configs/config.yaml
      hash: md5
      md5: 1b7f8afe6d6d2f918542578176ca8023
      size: 2594
    - path: data/processed/test.csv
      hash: md5
      md5: 2da32d82043038eec78464a50d33ad9c
      size: 12254844
    - path: models/best_model.joblib
      hash: md5
      md5: 11c5ac020d2beab6fa9340bb701fe68e
      size: 960128
    - path: src/mlops_crew/config.py
      hash: md5
      md5: a93fdd7f4f76e2d627bfa5587e8e4515
      size: 1087
    - path: src/mlops_crew/data/__init__.py
      hash: md5
      md5: fdd5285cf95db6c5b6499d4d07b8394d
      size: 215
    - path: src/mlops_crew/monitoring/inference_latency.py
      hash: md5
      md5: f3dadda2310af07aebb247b3d9fc021c
      size: 2632
    outs:
    - path: reports/monitoring/inference_latency.csv
      hash: md5
      md5: a92253b830a4adf7428fe188d5d32d01
      size: 856
  divergence:
    cmd: python -m mlops_crew.monitoring.divergence
    deps:
    - path: configs/config.yaml
      hash: md5
      md5: 1b7f8afe6d6d2f918542578176ca8023
      size: 2594
    - path: data/interim/phishing_email_phase1_reference.csv
      hash: md5
      md5: 85205407c071d06289342eaa01d63b86
      size: 65962060
    - path: data/interim/phishing_email_phase2_increment.csv
      hash: md5
      md5: f5459e51d5e966dd6b82b2c6b1155530
      size: 20562767
    - path: data/interim/source_manifest.csv
      hash: md5
      md5: 7982bbbad80a2b5a1bb8ff05a89e1c79
      size: 1830142
    - path: models/best_model.joblib
      hash: md5
      md5: 11c5ac020d2beab6fa9340bb701fe68e
      size: 960128
    - path: src/mlops_crew/config.py
      hash: md5
      md5: a93fdd7f4f76e2d627bfa5587e8e4515
      size: 1087
    - path: src/mlops_crew/data/__init__.py
      hash: md5
      md5: fdd5285cf95db6c5b6499d4d07b8394d
      size: 215
    - path: src/mlops_crew/monitoring/divergence.py
      hash: md5
      md5: 3d2a7b5cd38886134fba3d78521299e5
      size: 9552
    - path: src/mlops_crew/utils/io.py
      hash: md5
      md5: 169b9ef6d64fafe09caf107a0ba231e9
      size: 492
    outs:
    - path: reports/divergence/phase2_divergence_report.json
      hash: md5
      md5: c8cac98d54c73143069763e08e7b5f33
      size: 5093
    - path: reports/divergence/phase2_divergence_summary.md
      hash: md5
      md5: 8ceec37fb0551944d5d1a184936a9b72
      size: 742
  plot_model_comparison:
    cmd: python -m mlops_crew.evaluation.plot_model_comparison
    deps:
    - path: configs/config.yaml
      hash: md5
      md5: 1b7f8afe6d6d2f918542578176ca8023
      size: 2594
    - path: reports/metrics/model_comparison.csv
      hash: md5
      md5: 0fe9a72a82e66fd46050cc6e3d07e6c1
      size: 1948
    - path: src/mlops_crew/config.py
      hash: md5
      md5: a93fdd7f4f76e2d627bfa5587e8e4515
      size: 1087
    - path: src/mlops_crew/evaluation/plot_model_comparison.py
      hash: md5
      md5: 303a47abf87afb18f3e3abdbd1f452ee
      size: 2276
    outs:
    - path: reports/metrics/model_comparison.png
      hash: md5
      md5: de327205ab7d462968a6fe0c34b68da8
      size: 66186
  transformer_dataset:
    cmd: python -m mlops_crew.data.export_transformer_dataset
    deps:
    - path: configs/config.yaml
      hash: md5
      md5: 1b7f8afe6d6d2f918542578176ca8023
      size: 2594
    - path: data/processed/test.csv
      hash: md5
      md5: 2da32d82043038eec78464a50d33ad9c
      size: 12254844
    - path: data/processed/train.csv
      hash: md5
      md5: 948c37f75b4e74e7970de61fc21df4c3
      size: 61812839
    - path: data/processed/val.csv
      hash: md5
      md5: 4d26ccafbf228100236b0a5ea920255d
      size: 11839877
    - path: src/mlops_crew/config.py
      hash: md5
      md5: a93fdd7f4f76e2d627bfa5587e8e4515
      size: 1087
    - path: src/mlops_crew/data/__init__.py
      hash: md5
      md5: fdd5285cf95db6c5b6499d4d07b8394d
      size: 215
    - path: src/mlops_crew/data/export_transformer_dataset.py
      hash: md5
      md5: 3366018a0adfca6345ad9cf2d63060d2
      size: 3198
    - path: src/mlops_crew/utils/io.py
      hash: md5
      md5: 169b9ef6d64fafe09caf107a0ba231e9
      size: 492
    outs:
    - path: data/processed/transformer
      hash: md5
      md5: 752fb28388053fa9d707c00e6c4f503a.dir
      size: 87091579
      nfiles: 4
