schema: '2.0'
stages:
  clean:
    cmd: python -m mlops_crew.data.clean
    deps:
    - path: configs/config.yaml
      hash: md5
      md5: 38cd7845255e193215fedd86e24556db
      size: 1387
    - path: data/interim/phishing_email_phase1_sample.csv
      hash: md5
      md5: 61332f8eb08b81fe80c85df620065d8c
      size: 65622273
    - path: src/mlops_crew/config.py
      hash: md5
      md5: b475307081d7f6039e1dcff0decb86c2
      size: 1056
    - path: src/mlops_crew/data/__init__.py
      hash: md5
      md5: fdaea66902da2b3f25f37c1fbd6ca1eb
      size: 157
    - path: src/mlops_crew/data/clean.py
      hash: md5
      md5: fa5515f77b02a5c026e3c09f2b0f4565
      size: 4692
    - path: src/mlops_crew/utils/io.py
      hash: md5
      md5: 68b56fdd09e2a27a8996e2fd9f9e1e14
      size: 474
    outs:
    - path: data/processed/cleaned.csv
      hash: md5
      md5: 7143723ef56b10a63ddc7c8049527b88
      size: 65494805
    - path: data/processed/cleaning_summary.json
      hash: md5
      md5: 1cb0013f09f653f2052ca0eb5ba6abb8
      size: 133
  split:
    cmd: python -m mlops_crew.data.split
    deps:
    - path: configs/config.yaml
      hash: md5
      md5: 38cd7845255e193215fedd86e24556db
      size: 1387
    - path: data/processed/cleaned.csv
      hash: md5
      md5: 7143723ef56b10a63ddc7c8049527b88
      size: 65494805
    - path: src/mlops_crew/config.py
      hash: md5
      md5: b475307081d7f6039e1dcff0decb86c2
      size: 1056
    - path: src/mlops_crew/data/__init__.py
      hash: md5
      md5: fdaea66902da2b3f25f37c1fbd6ca1eb
      size: 157
    - path: src/mlops_crew/data/split.py
      hash: md5
      md5: 99ff0083c7ad0ec11ee01dcd1303e9ec
      size: 3774
    - path: src/mlops_crew/utils/io.py
      hash: md5
      md5: 68b56fdd09e2a27a8996e2fd9f9e1e14
      size: 474
    outs:
    - path: data/processed/split_summary.json
      hash: md5
      md5: 3a9d14171de5c8ee7735083ab45ae1d7
      size: 311
    - path: data/processed/test.csv
      hash: md5
      md5: faf5f1efb6b0d92f0d74d68b138c931f
      size: 9085773
    - path: data/processed/train.csv
      hash: md5
      md5: 38bc12223b967f738495d93c30976a5b
      size: 47681598
    - path: data/processed/val.csv
      hash: md5
      md5: 4c62ff925d5288f30bc0f618aea8e956
      size: 8727474
  train:
    cmd: python -m mlops_crew.train_model
    deps:
    - path: configs/config.yaml
      hash: md5
      md5: 38cd7845255e193215fedd86e24556db
      size: 1387
    - path: data/processed/test.csv
      hash: md5
      md5: faf5f1efb6b0d92f0d74d68b138c931f
      size: 9085773
    - path: data/processed/train.csv
      hash: md5
      md5: 38bc12223b967f738495d93c30976a5b
      size: 47681598
    - path: data/processed/val.csv
      hash: md5
      md5: 4c62ff925d5288f30bc0f618aea8e956
      size: 8727474
    - path: src/mlops_crew/config.py
      hash: md5
      md5: b475307081d7f6039e1dcff0decb86c2
      size: 1056
    - path: src/mlops_crew/data/__init__.py
      hash: md5
      md5: fdaea66902da2b3f25f37c1fbd6ca1eb
      size: 157
    - path: src/mlops_crew/evaluation/metrics.py
      hash: md5
      md5: 5d22626751987aefbbe8f525b0af5a70
      size: 1875
    - path: src/mlops_crew/models/text_classifiers.py
      hash: md5
      md5: 3abcfd3dc452e9911e996f790ba1f3d1
      size: 2208
    - path: src/mlops_crew/train_model.py
      hash: md5
      md5: 5722113912ec685fb81bb19b02aea11f
      size: 6949
    - path: src/mlops_crew/utils/io.py
      hash: md5
      md5: 68b56fdd09e2a27a8996e2fd9f9e1e14
      size: 474
    - path: src/mlops_crew/utils/seed.py
      hash: md5
      md5: 6d36b32ba9bc38b44d301a8908aa0c59
      size: 264
    outs:
    - path: models/best_model.joblib
      hash: md5
      md5: ed1e1ecb9e6bd609e87ecbfad28a22dd
      size: 960368
    - path: models/dummy.joblib
      hash: md5
      md5: 29f6314a77f1292354b27baf34da2499
      size: 800081
    - path: models/logistic_regression.joblib
      hash: md5
      md5: ed1e1ecb9e6bd609e87ecbfad28a22dd
      size: 960368
    - path: reports/metrics/best_model_metrics.json
      hash: md5
      md5: 9cf100f76067fd546cc846bdefa2faf3
      size: 1047
    - path: reports/metrics/dummy_metrics.json
      hash: md5
      md5: 94f2a91509fdb2ce850d83c7b4fe6372
      size: 890
    - path: reports/metrics/logistic_regression_metrics.json
      hash: md5
      md5: 9cf100f76067fd546cc846bdefa2faf3
      size: 1047
    - path: reports/metrics/model_comparison.csv
      hash: md5
      md5: 594c97ba23ade4ee42be019ac009dbdb
      size: 1127
    - path: reports/metrics/model_comparison.json
      hash: md5
      md5: b48d38547bd2545cef1f3d3ae39568fe
      size: 2347
    - path: reports/predictions
      hash: md5
      md5: aa7aaf15f3d5f18bdd07e0067070f31d.dir
      size: 36035430
      nfiles: 4
  sample:
    cmd: python -m mlops_crew.data.sample
    deps:
    - path: configs/config.yaml
      hash: md5
      md5: 38cd7845255e193215fedd86e24556db
      size: 1387
    - path: data/raw/archive/phishing_email.csv
      hash: md5
      md5: 755efff8c9c0f624a0e8134bd3125775
      size: 106603543
    - path: src/mlops_crew/config.py
      hash: md5
      md5: b475307081d7f6039e1dcff0decb86c2
      size: 1056
    - path: src/mlops_crew/data/__init__.py
      hash: md5
      md5: fdaea66902da2b3f25f37c1fbd6ca1eb
      size: 157
    - path: src/mlops_crew/data/sample.py
      hash: md5
      md5: ed682babd4c6c222067abae3e9d6fc20
      size: 3529
    - path: src/mlops_crew/utils/io.py
      hash: md5
      md5: 68b56fdd09e2a27a8996e2fd9f9e1e14
      size: 474
    outs:
    - path: data/interim/phishing_email_phase1_sample.csv
      hash: md5
      md5: 61332f8eb08b81fe80c85df620065d8c
      size: 65622273
    - path: data/interim/sample_summary.json
      hash: md5
      md5: 4af22f146063ebbef770e9914159d8e1
      size: 136
